
Microsoft Visual Studio Solution File, Format Version 12.00
# Visual Studio Version 17
VisualStudioVersion = 17.0.31903.59
MinimumVisualStudioVersion = 10.0.40219.1
Project("{FAE04EC0-301F-11D3-BF4B-00C04F79EFBC}") = "Atico.Atico_web", "Atico.Atico_web\Atico.Atico_web.csproj", "{FD09CC67-730B-49B3-9C53-2211369B247E}"
EndProject
Project("{FAE04EC0-301F-11D3-BF4B-00C04F79EFBC}") = "Atico_Shared", "Atico_Shared\Atico_Shared.csproj", "{0502DAD6-069C-41CF-B7AA-0A2FC210C4CF}"
EndProject
Project("{FAE04EC0-301F-11D3-BF4B-00C04F79EFBC}") = "Atico_API", "Atico_API\Atico_API.csproj", "{23FC06CD-BD0F-4B55-AA90-269AC4705481}"
EndProject
Project("{FAE04EC0-301F-11D3-BF4B-00C04F79EFBC}") = "Atico_Data", "Atico_Data\Atico_Data.csproj", "{27FC8ABE-8E95-4536-AFE7-972E6E0300B6}"
EndProject
Project("{FAE04EC0-301F-11D3-BF4B-00C04F79EFBC}") = "Atico_Services", "Atico_Services\Atico_Services.csproj", "{CC8D5F7D-6974-4734-A599-24F0D5E12381}"
EndProject
Project("{2150E333-8FDC-42A3-9474-1A3956D46DE8}") = "Plugins", "Plugins", "{6FDF275E-FB0E-4B93-875C-CCE50DACE9C3}"
EndProject
Project("{FAE04EC0-301F-11D3-BF4B-00C04F79EFBC}") = "Atico.Plugins_InMemory", "Plugins\Atico.Plugins_InMemory\Atico.Plugins_InMemory.csproj", "{1D7EA86E-169A-45D0-AB26-A8322D7AD6F9}"
EndProject
Global
	GlobalSection(SolutionConfigurationPlatforms) = preSolution
		Debug|Any CPU = Debug|Any CPU
		Release|Any CPU = Release|Any CPU
	EndGlobalSection
	GlobalSection(SolutionProperties) = preSolution
		HideSolutionNode = FALSE
	EndGlobalSection
	GlobalSection(ProjectConfigurationPlatforms) = postSolution
		{FD09CC67-730B-49B3-9C53-2211369B247E}.Debug|Any CPU.ActiveCfg = Debug|Any CPU
		{FD09CC67-730B-49B3-9C53-2211369B247E}.Debug|Any CPU.Build.0 = Debug|Any CPU
		{FD09CC67-730B-49B3-9C53-2211369B247E}.Release|Any CPU.ActiveCfg = Release|Any CPU
		{FD09CC67-730B-49B3-9C53-2211369B247E}.Release|Any CPU.Build.0 = Release|Any CPU
		{0502DAD6-069C-41CF-B7AA-0A2FC210C4CF}.Debug|Any CPU.ActiveCfg = Debug|Any CPU
		{0502DAD6-069C-41CF-B7AA-0A2FC210C4CF}.Debug|Any CPU.Build.0 = Debug|Any CPU
		{0502DAD6-069C-41CF-B7AA-0A2FC210C4CF}.Release|Any CPU.ActiveCfg = Release|Any CPU
		{0502DAD6-069C-41CF-B7AA-0A2FC210C4CF}.Release|Any CPU.Build.0 = Release|Any CPU
		{23FC06CD-BD0F-4B55-AA90-269AC4705481}.Debug|Any CPU.ActiveCfg = Debug|Any CPU
		{23FC06CD-BD0F-4B55-AA90-269AC4705481}.Debug|Any CPU.Build.0 = Debug|Any CPU
		{23FC06CD-BD0F-4B55-AA90-269AC4705481}.Release|Any CPU.ActiveCfg = Release|Any CPU
		{23FC06CD-BD0F-4B55-AA90-269AC4705481}.Release|Any CPU.Build.0 = Release|Any CPU
		{27FC8ABE-8E95-4536-AFE7-972E6E0300B6}.Debug|Any CPU.ActiveCfg = Debug|Any CPU
		{27FC8ABE-8E95-4536-AFE7-972E6E0300B6}.Debug|Any CPU.Build.0 = Debug|Any CPU
		{27FC8ABE-8E95-4536-AFE7-972E6E0300B6}.Release|Any CPU.ActiveCfg = Release|Any CPU
		{27FC8ABE-8E95-4536-AFE7-972E6E0300B6}.Release|Any CPU.Build.0 = Release|Any CPU
		{CC8D5F7D-6974-4734-A599-24F0D5E12381}.Debug|Any CPU.ActiveCfg = Debug|Any CPU
		{CC8D5F7D-6974-4734-A599-24F0D5E12381}.Debug|Any CPU.Build.0 = Debug|Any CPU
		{CC8D5F7D-6974-4734-A599-24F0D5E12381}.Release|Any CPU.ActiveCfg = Release|Any CPU
		{CC8D5F7D-6974-4734-A599-24F0D5E12381}.Release|Any CPU.Build.0 = Release|Any CPU
		{1D7EA86E-169A-45D0-AB26-A8322D7AD6F9}.Debug|Any CPU.ActiveCfg = Debug|Any CPU
		{1D7EA86E-169A-45D0-AB26-A8322D7AD6F9}.Debug|Any CPU.Build.0 = Debug|Any CPU
		{1D7EA86E-169A-45D0-AB26-A8322D7AD6F9}.Release|Any CPU.ActiveCfg = Release|Any CPU
		{1D7EA86E-169A-45D0-AB26-A8322D7AD6F9}.Release|Any CPU.Build.0 = Release|Any CPU
	EndGlobalSection
	GlobalSection(NestedProjects) = preSolution
		{1D7EA86E-169A-45D0-AB26-A8322D7AD6F9} = {6FDF275E-FB0E-4B93-875C-CCE50DACE9C3}
	EndGlobalSection
EndGlobal
